// !$*UTF8*$!
{
	objects = {

/* Begin PBXBuildFile section */
		011D2ABFFA33985D6B06C80F /* main.cpp in Sources */ = {isa = PBXBuildFile; fileRef = EB6D11DE7DA82793D6A73C0D /* main.cpp */; };
		7691CD6CD28D54A82C04E401 /* main.cpp in Sources */ = {isa = PBXBuildFile; fileRef = EB6D11DE7DA82793D6A73C0D /* main.cpp */; };
		F9159D7E4282A9FE2BAAB3E4 /* MOE.framework in CopyFiles */ = {isa = PBXBuildFile; fileRef = C6DBEC315DFF6CA005132C58 /* MOE.framework */; settings = {ATTRIBUTES = (CodeSignOnCopy, RemoveHeadersOnCopy, ); }; };
		6930179568FBF08A0A020951 /* MOE.framework in CopyFiles */ = {isa = PBXBuildFile; fileRef = C6DBEC315DFF6CA005132C58 /* MOE.framework */; settings = {ATTRIBUTES = (CodeSignOnCopy, RemoveHeadersOnCopy, ); }; };
		70D5FCDE48609A103534A98E /* MOE.framework in Frameworks */ = {isa = PBXBuildFile; fileRef = C6DBEC315DFF6CA005132C58 /* MOE.framework */; };
		1A076AF1A6237994F054E162 /* MOE.framework in Frameworks */ = {isa = PBXBuildFile; fileRef = C6DBEC315DFF6CA005132C58 /* MOE.framework */; };
		3EA7703D3B2EA4334D5455C9 /* preregister.txt in Resources */ = {isa = PBXBuildFile; fileRef = CEB1328F3ED7C688E4CA01F6 /* preregister.txt */; };
		AF671BDBB1C871DC409403C9 /* preregister.txt in Resources */ = {isa = PBXBuildFile; fileRef = 8442064AB03535C181F6AD10 /* preregister.txt */; };
		E6238C5966DFB1757E4BC67A /* application.jar in Resources */ = {isa = PBXBuildFile; fileRef = 3A7BE2FC7D4B828CA7B820C4 /* application.jar */; };
		D11AC128AFD0A2AF99ABB4E8 /* application.jar in Resources */ = {isa = PBXBuildFile; fileRef = 02DA8486FEF42CD35C3C99F0 /* application.jar */; };
		492ABEEE88267C26C361228E /* classlist.txt in Resources */ = {isa = PBXBuildFile; fileRef = 238ED45E486CA27C725138EC /* classlist.txt */; };
		E8A360B9693829B9C77C0F64 /* LaunchScreen.xib in Resources */ = {isa = PBXBuildFile; fileRef = 57A9532E67B7C435853C9434 /* LaunchScreen.xib */; };
		17FD700B14D1439AEEA2330E /* MainUI.storyboard in Resources */ = {isa = PBXBuildFile; fileRef = E3AE7D90E9FF297B736573C2 /* MainUI.storyboard */; };
/* End PBXBuildFile section */

/* Begin PBXCopyFilesBuildPhase section */
		E7D09631300CBE8786FCF77A /* CopyFiles */ = {
			isa = PBXCopyFilesBuildPhase;
			buildActionMask = 2147483647;
			files = (
				F9159D7E4282A9FE2BAAB3E4 /* MOE.framework in CopyFiles */,
			);
			runOnlyForDeploymentPostprocessing = 0;
			dstPath = "";
			dstSubfolderSpec = 10;
			name = "Embed Frameworks";
		};
		998640C1A0519BCE8EA2EE33 /* CopyFiles */ = {
			isa = PBXCopyFilesBuildPhase;
			buildActionMask = 2147483647;
			files = (
				6930179568FBF08A0A020951 /* MOE.framework in CopyFiles */,
			);
			runOnlyForDeploymentPostprocessing = 0;
			dstPath = "";
			dstSubfolderSpec = 10;
			name = "Embed Frameworks";
		};
/* End PBXCopyFilesBuildPhase section */

/* Begin PBXFileReference section */
		EB6D11DE7DA82793D6A73C0D /* main.cpp */ = {isa = PBXFileReference; lastKnownFileType = sourcecode.cpp.cpp; path = main.cpp; sourceTree = "<group>"; };
		7D277060B03CDF19B5078DD1 /* build.xcconfig */ = {isa = PBXFileReference; lastKnownFileType = text.xcconfig; path = build.xcconfig; sourceTree = "<group>"; };
		CF0BE9F3A57AC3DE7798349B /* build.xcconfig */ = {isa = PBXFileReference; lastKnownFileType = text.xcconfig; path = build.xcconfig; sourceTree = "<group>"; };
		D41C0C5906AA5882B3F54AC7 /* Info.plist */ = {isa = PBXFileReference; lastKnownFileType = text.plist.xml; path = MoeMinimal/Info.plist; sourceTree = SOURCE_ROOT; name = Info.plist; };
		BF99D1DF730DC1198000D856 /* Info-Test.plist */ = {isa = PBXFileReference; lastKnownFileType = text.plist.xml; path = "MoeMinimal-Test/Info-Test.plist"; sourceTree = SOURCE_ROOT; name = "Info-Test.plist"; };
		19AD8CB9415E25B24257B05E /* MoeMinimal.app */ = {isa = PBXFileReference; explicitFileType = wrapper.application; includeInIndex = 0; path = MoeMinimal.app; sourceTree = BUILT_PRODUCTS_DIR; };
		819DCEAA40008F82C213E38A /* MoeMinimal-Test.app */ = {isa = PBXFileReference; explicitFileType = wrapper.application; includeInIndex = 0; path = "MoeMinimal-Test.app"; sourceTree = BUILT_PRODUCTS_DIR; };
		C6DBEC315DFF6CA005132C58 /* MOE.framework */ = {isa = PBXFileReference; lastKnownFileType = wrapper.framework; path = MOE.framework; sourceTree = MOE_FRAMEWORK_PATH; };
		CEB1328F3ED7C688E4CA01F6 /* preregister.txt */ = {isa = PBXFileReference; lastKnownFileType = text; path = ../build/moe/main/preregister.txt; sourceTree = SOURCE_ROOT; name = preregister.txt; };
		8442064AB03535C181F6AD10 /* preregister.txt */ = {isa = PBXFileReference; lastKnownFileType = text; path = ../build/moe/test/preregister.txt; sourceTree = SOURCE_ROOT; name = preregister.txt; };
		3A7BE2FC7D4B828CA7B820C4 /* application.jar */ = {isa = PBXFileReference; lastKnownFileType = archive.jar; path = ../build/moe/main/application.jar; sourceTree = SOURCE_ROOT; name = application.jar; };
		02DA8486FEF42CD35C3C99F0 /* application.jar */ = {isa = PBXFileReference; lastKnownFileType = archive.jar; path = ../build/moe/test/application.jar; sourceTree = SOURCE_ROOT; name = application.jar; };
		238ED45E486CA27C725138EC /* classlist.txt */ = {isa = PBXFileReference; lastKnownFileType = text; path = ../build/moe/test/classlist.txt; sourceTree = SOURCE_ROOT; name = classlist.txt; };
		57A9532E67B7C435853C9434 /* LaunchScreen.xib */ = {isa = PBXFileReference; lastKnownFileType = file.xib; path = ../src/main/resources/LaunchScreen.xib; sourceTree = SOURCE_ROOT; name = LaunchScreen.xib; };
		E3AE7D90E9FF297B736573C2 /* MainUI.storyboard */ = {isa = PBXFileReference; lastKnownFileType = file.storyboard; path = ../src/main/resources/MainUI.storyboard; sourceTree = SOURCE_ROOT; name = MainUI.storyboard; };
/* End PBXFileReference section */

/* Begin PBXFrameworksBuildPhase section */
		DBA802D6AAA22DF10BFB7BA1 /* Frameworks */ = {
			isa = PBXFrameworksBuildPhase;
			buildActionMask = 2147483647;
			files = (
				70D5FCDE48609A103534A98E /* MOE.framework in Frameworks */,
			);
			runOnlyForDeploymentPostprocessing = 0;
		};
		D51914CD678945A0ECF5E5F4 /* Frameworks */ = {
			isa = PBXFrameworksBuildPhase;
			buildActionMask = 2147483647;
			files = (
				1A076AF1A6237994F054E162 /* MOE.framework in Frameworks */,
			);
			runOnlyForDeploymentPostprocessing = 0;
		};
/* End PBXFrameworksBuildPhase section */

/* Begin PBXGroup section */
		AA8F38371BA5FE523C6CC2CB /* MoeMinimal */ = {
			isa = PBXGroup;
			name = MoeMinimal;
			path = MoeMinimal;
			sourceTree = "<group>";
			children = (
				31D4B7C99AF98D1D765EEC04 /* Supporting Files */,
			);
		};
		31D4B7C99AF98D1D765EEC04 /* Supporting Files */ = {
			isa = PBXGroup;
			name = "Supporting Files";
			sourceTree = "<group>";
			children = (
				EB6D11DE7DA82793D6A73C0D /* main.cpp */,
				7D277060B03CDF19B5078DD1 /* build.xcconfig */,
				D41C0C5906AA5882B3F54AC7 /* Info.plist */,
				CEB1328F3ED7C688E4CA01F6 /* preregister.txt */,
				3A7BE2FC7D4B828CA7B820C4 /* application.jar */,
				57A9532E67B7C435853C9434 /* LaunchScreen.xib */,
				E3AE7D90E9FF297B736573C2 /* MainUI.storyboard */,
			);
		};
		CEC35E48362BE65AFEEBCCD3 /* MoeMinimal-Test */ = {
			isa = PBXGroup;
			name = "MoeMinimal-Test";
			path = "MoeMinimal-Test";
			sourceTree = "<group>";
			children = (
				BA29BDA909B55BEF54BA1C6A /* Supporting Files */,
			);
		};
		BA29BDA909B55BEF54BA1C6A /* Supporting Files */ = {
			isa = PBXGroup;
			name = "Supporting Files";
			sourceTree = "<group>";
			children = (
				CF0BE9F3A57AC3DE7798349B /* build.xcconfig */,
				BF99D1DF730DC1198000D856 /* Info-Test.plist */,
				8442064AB03535C181F6AD10 /* preregister.txt */,
				02DA8486FEF42CD35C3C99F0 /* application.jar */,
				238ED45E486CA27C725138EC /* classlist.txt */,
			);
		};
		CA76C2A70A1CD97E32F79E0B = {
			isa = PBXGroup;
			sourceTree = "<group>";
			children = (
				AA8F38371BA5FE523C6CC2CB /* MoeMinimal */,
				CEC35E48362BE65AFEEBCCD3 /* MoeMinimal-Test */,
				3AAA6EBEB1DBCC57185C8662 /* Frameworks */,
				B90440BAC26A75C32AC1F3A7 /* Products */,
			);
		};
		B90440BAC26A75C32AC1F3A7 /* Products */ = {
			isa = PBXGroup;
			name = Products;
			path = Products;
			sourceTree = "<group>";
			children = (
				19AD8CB9415E25B24257B05E /* MoeMinimal.app */,
				819DCEAA40008F82C213E38A /* MoeMinimal-Test.app */,
			);
		};
		3AAA6EBEB1DBCC57185C8662 /* Frameworks */ = {
			isa = PBXGroup;
			name = Frameworks;
			path = Frameworks;
			sourceTree = "<group>";
			children = (
				C6DBEC315DFF6CA005132C58 /* MOE.framework */,
			);
		};
/* End PBXGroup section */

/* Begin PBXNativeTarget section */
		BEEE9835031B4B470A13D21A /* MoeMinimal */ = {
			isa = PBXNativeTarget;
			name = MoeMinimal;
			productName = MoeMinimal;
			productType = "com.apple.product-type.application";
			buildConfigurationList = 9C854976F4877581BBF48546 /* Build configuration list for PBXNativeTarget "MoeMinimal" */;
			buildPhases = (
				06C53CA371AFC27963269B96 /* Compile Sources (MOE) */,
				DBA802D6AAA22DF10BFB7BA1 /* Frameworks */,
				97A41373AEBC0B4BAE938A2D /* Resources */,
				5A14E3504E0FBBC8AECB6433 /* Sources */,
				E7D09631300CBE8786FCF77A /* CopyFiles */,
			);
			productReference = 19AD8CB9415E25B24257B05E /* MoeMinimal.app */;
		};
		DDC1A1D3AA2FFB29B2BD1EAD /* MoeMinimal-Test */ = {
			isa = PBXNativeTarget;
			name = "MoeMinimal-Test";
			productName = "MoeMinimal-Test";
			productType = "com.apple.product-type.application";
			buildConfigurationList = ED513B8A97C6168E811189AD /* Build configuration list for PBXNativeTarget "MoeMinimal-Test" */;
			buildPhases = (
				A680FAC39C886E2B4099C067 /* Compile Sources (MOE) */,
				D51914CD678945A0ECF5E5F4 /* Frameworks */,
				262CF21F8F61D2CA7CDF2B88 /* Resources */,
				1BCF8F3F6E4028905775279C /* Sources */,
				998640C1A0519BCE8EA2EE33 /* CopyFiles */,
			);
			productReference = 819DCEAA40008F82C213E38A /* MoeMinimal-Test.app */;
		};
/* End PBXNativeTarget section */

/* Begin PBXProject section */
		F98FE67DC25FB2F694835332 /* Project object */ = {
			isa = PBXProject;
			attributes = {
				ORGANIZATIONNAME = "My Company";
			};
			compatibilityVersion = "Xcode 3.2";
			developmentRegion = English;
			hasScannedForEncodings = 0;
			knownRegions = (
				en,
				Base,
			);
			mainGroup = CA76C2A70A1CD97E32F79E0B;
			productRefGroup = B90440BAC26A75C32AC1F3A7 /* Products */;
			projectDirPath = "";
			projectRoot = "";
			targets = (
				BEEE9835031B4B470A13D21A /* MoeMinimal */,
				DDC1A1D3AA2FFB29B2BD1EAD /* MoeMinimal-Test */,
			);
			buildConfigurationList = CEB0A02C9BA98F4854BAD80E /* Build configuration list for PBXProject "MoeMinimal" */;
		};
/* End PBXProject section */

/* Begin PBXResourcesBuildPhase section */
		97A41373AEBC0B4BAE938A2D /* Resources */ = {
			isa = PBXResourcesBuildPhase;
			buildActionMask = 2147483647;
			files = (
				3EA7703D3B2EA4334D5455C9 /* preregister.txt in Resources */,
				E6238C5966DFB1757E4BC67A /* application.jar in Resources */,
				E8A360B9693829B9C77C0F64 /* LaunchScreen.xib in Resources */,
				17FD700B14D1439AEEA2330E /* MainUI.storyboard in Resources */,
			);
			runOnlyForDeploymentPostprocessing = 0;
		};
		262CF21F8F61D2CA7CDF2B88 /* Resources */ = {
			isa = PBXResourcesBuildPhase;
			buildActionMask = 2147483647;
			files = (
				AF671BDBB1C871DC409403C9 /* preregister.txt in Resources */,
				D11AC128AFD0A2AF99ABB4E8 /* application.jar in Resources */,
				492ABEEE88267C26C361228E /* classlist.txt in Resources */,
			);
			runOnlyForDeploymentPostprocessing = 0;
		};
/* End PBXResourcesBuildPhase section */

/* Begin PBXShellScriptBuildPhase section */
		06C53CA371AFC27963269B96 /* Compile Sources (MOE) */ = {
			isa = PBXShellScriptBuildPhase;
			buildActionMask = 2147483647;
			files = (
			);
			inputPaths = (
			);
			outputPaths = (
			);
			runOnlyForDeploymentPostprocessing = 0;
			name = "Compile Sources (MOE)";
			shellPath = /bin/bash;
			shellScript = "\n# Check directories set by xcconfigs\nif [ ! -d \"$MOE_PROJECT_DIR\" ]; then\n    echo \"$0:$LINENO:1: error: 'MOE_PROJECT_DIR' doesn't point to a directory!\"; exit 1;\nfi\nif [ ! -d \"$MOE_PROJECT_BUILD_DIR\" ]; then\n    echo \"$0:$LINENO:1: error: 'MOE_PROJECT_BUILD_DIR' doesn't point to a directory!\"; exit 1;\nfi\n\ncd \"$MOE_PROJECT_DIR/\"\n\nexport JAVA_HOME=$(/usr/libexec/java_home -v 1.8)\njava -version\n\n########################\n# Find Gradle\n########################\nfunction findGradle {\n\tCD=\"$PWD\"\n\twhile [ \"$CD\" != \"\" ]; do\n\t\techo \"Looking for gradlew in $CD\"\n\t\tif [ -x \"$CD/gradlew\" ]; then\n\t\t\tGRADLE_EXEC=$CD/gradlew\n\t\t\treturn 0\n\t\tfi\n\t\tCD=\"${CD%/*}\"\n\tdone\n\n\techo \"Checking with 'which'\"\n\tGRADLE_EXEC=$(which 'gradle')\n\n\tif [ \"$GRADLE_EXEC\" = \"\" ]; then\n\t\techo \"Failed to locate 'gradle' executable!\"\n\t\texit 1\n\tfi\n}\n########################\n# Execute Gradle build\n########################\nif [ -z \"$MOE_GRADLE_EXTERNAL_BUILD\" ]; then\n    findGradle\n\n    \"$GRADLE_EXEC\" --daemon moeXcodeInternal\nfi\n";
		};
		A680FAC39C886E2B4099C067 /* Compile Sources (MOE) */ = {
			isa = PBXShellScriptBuildPhase;
			buildActionMask = 2147483647;
			files = (
			);
			inputPaths = (
			);
			outputPaths = (
			);
			runOnlyForDeploymentPostprocessing = 0;
			name = "Compile Sources (MOE)";
			shellPath = /bin/bash;
			shellScript = "\n# Check directories set by xcconfigs\nif [ ! -d \"$MOE_PROJECT_DIR\" ]; then\n    echo \"$0:$LINENO:1: error: 'MOE_PROJECT_DIR' doesn't point to a directory!\"; exit 1;\nfi\nif [ ! -d \"$MOE_PROJECT_BUILD_DIR\" ]; then\n    echo \"$0:$LINENO:1: error: 'MOE_PROJECT_BUILD_DIR' doesn't point to a directory!\"; exit 1;\nfi\n\ncd \"$MOE_PROJECT_DIR/\"\n\nexport JAVA_HOME=$(/usr/libexec/java_home -v 1.8)\njava -version\n\n########################\n# Find Gradle\n########################\nfunction findGradle {\n\tCD=\"$PWD\"\n\twhile [ \"$CD\" != \"\" ]; do\n\t\techo \"Looking for gradlew in $CD\"\n\t\tif [ -x \"$CD/gradlew\" ]; then\n\t\t\tGRADLE_EXEC=$CD/gradlew\n\t\t\treturn 0\n\t\tfi\n\t\tCD=\"${CD%/*}\"\n\tdone\n\n\techo \"Checking with 'which'\"\n\tGRADLE_EXEC=$(which 'gradle')\n\n\tif [ \"$GRADLE_EXEC\" = \"\" ]; then\n\t\techo \"Failed to locate 'gradle' executable!\"\n\t\texit 1\n\tfi\n}\n########################\n# Execute Gradle build\n########################\nif [ -z \"$MOE_GRADLE_EXTERNAL_BUILD\" ]; then\n    findGradle\n\n    export MOE_BUILD_SOURCE_SET=test\n    \"$GRADLE_EXEC\" --daemon moeXcodeInternal\nfi\n";
		};
/* End PBXShellScriptBuildPhase section */

/* Begin PBXSourcesBuildPhase section */
		5A14E3504E0FBBC8AECB6433 /* Sources */ = {
			isa = PBXSourcesBuildPhase;
			buildActionMask = 2147483647;
			files = (
				011D2ABFFA33985D6B06C80F /* main.cpp in Sources */,
			);
			runOnlyForDeploymentPostprocessing = 0;
		};
		1BCF8F3F6E4028905775279C /* Sources */ = {
			isa = PBXSourcesBuildPhase;
			buildActionMask = 2147483647;
			files = (
				7691CD6CD28D54A82C04E401 /* main.cpp in Sources */,
			);
			runOnlyForDeploymentPostprocessing = 0;
		};
/* End PBXSourcesBuildPhase section */

/* Begin XCBuildConfiguration section */
		54BF1D85FE73E6503391F28A /* Debug */ = {
			isa = XCBuildConfiguration;
			name = Debug;
			buildSettings = {
				DEAD_CODE_STRIPPING = NO;
				EMBEDDED_CONTENT_CONTAINS_SWIFT = NO;
				FRAMEWORK_SEARCH_PATHS = "$(inherited)";
				LD_RUNPATH_SEARCH_PATHS = "$(inherited) @executable_path/Frameworks";
				OTHER_LDFLAGS = "${MOE_OTHER_LDFLAGS}";
				PRODUCT_NAME = MoeMinimal;
				STRIP_STYLE = "non-global";
				INFOPLIST_FILE = MoeMinimal/Info.plist;
			};
			baseConfigurationReference = 7D277060B03CDF19B5078DD1 /* build.xcconfig */;
		};
		1C965503F1629E3EF3F8B39D /* Release */ = {
			isa = XCBuildConfiguration;
			name = Release;
			buildSettings = {
				DEAD_CODE_STRIPPING = NO;
				EMBEDDED_CONTENT_CONTAINS_SWIFT = NO;
				FRAMEWORK_SEARCH_PATHS = "$(inherited)";
				LD_RUNPATH_SEARCH_PATHS = "$(inherited) @executable_path/Frameworks";
				OTHER_LDFLAGS = "${MOE_OTHER_LDFLAGS}";
				PRODUCT_NAME = MoeMinimal;
				STRIP_STYLE = "non-global";
				INFOPLIST_FILE = MoeMinimal/Info.plist;
			};
			baseConfigurationReference = 7D277060B03CDF19B5078DD1 /* build.xcconfig */;
		};
		DF1DCCC5B6195739578FA4E7 /* Debug */ = {
			isa = XCBuildConfiguration;
			name = Debug;
			buildSettings = {
				DEAD_CODE_STRIPPING = NO;
				EMBEDDED_CONTENT_CONTAINS_SWIFT = NO;
				FRAMEWORK_SEARCH_PATHS = "$(inherited)";
				LD_RUNPATH_SEARCH_PATHS = "$(inherited) @executable_path/Frameworks";
				OTHER_LDFLAGS = "${MOE_OTHER_LDFLAGS}";
				PRODUCT_NAME = "MoeMinimal-Test";
				STRIP_STYLE = "non-global";
				INFOPLIST_FILE = "MoeMinimal-Test/Info-Test.plist";
			};
			baseConfigurationReference = CF0BE9F3A57AC3DE7798349B /* build.xcconfig */;
		};
		7E7252DB5B683239DCC117E2 /* Release */ = {
			isa = XCBuildConfiguration;
			name = Release;
			buildSettings = {
				DEAD_CODE_STRIPPING = NO;
				EMBEDDED_CONTENT_CONTAINS_SWIFT = NO;
				FRAMEWORK_SEARCH_PATHS = "$(inherited)";
				LD_RUNPATH_SEARCH_PATHS = "$(inherited) @executable_path/Frameworks";
				OTHER_LDFLAGS = "${MOE_OTHER_LDFLAGS}";
				PRODUCT_NAME = "MoeMinimal-Test";
				STRIP_STYLE = "non-global";
				INFOPLIST_FILE = "MoeMinimal-Test/Info-Test.plist";
			};
			baseConfigurationReference = CF0BE9F3A57AC3DE7798349B /* build.xcconfig */;
		};
		D0DF2FB8021A3D20870CE78B /* Debug */ = {
			isa = XCBuildConfiguration;
			name = Debug;
			buildSettings = {
				ALWAYS_SEARCH_USER_PATHS = NO;
				CLANG_CXX_LANGUAGE_STANDARD = "gnu++0x";
				CLANG_CXX_LIBRARY = "libc++";
				CLANG_ENABLE_MODULES = YES;
				CLANG_ENABLE_OBJC_ARC = YES;
				CLANG_WARN_BOOL_CONVERSION = YES;
				CLANG_WARN_CONSTANT_CONVERSION = YES;
				CLANG_WARN_DIRECT_OBJC_ISA_USAGE = YES_ERROR;
				CLANG_WARN_EMPTY_BODY = YES;
				CLANG_WARN_ENUM_CONVERSION = YES;
				CLANG_WARN_INT_CONVERSION = YES;
				CLANG_WARN_OBJC_ROOT_CLASS = YES_ERROR;
				CLANG_WARN_UNREACHABLE_CODE = YES;
				CLANG_WARN__DUPLICATE_METHOD_MATCH = YES;
				"CODE_SIGN_IDENTITY[sdk=iphoneos*]" = "iPhone Developer";
				ENABLE_STRICT_OBJC_MSGSEND = YES;
				FRAMEWORK_SEARCH_PATHS = (
					"$(inherited)",
					"${MOE_FRAMEWORK_PATH}",
				);
				GCC_C_LANGUAGE_STANDARD = gnu99;
				GCC_WARN_64_TO_32_BIT_CONVERSION = YES;
				GCC_WARN_ABOUT_RETURN_TYPE = YES_ERROR;
				GCC_WARN_UNDECLARED_SELECTOR = YES;
				GCC_WARN_UNINITIALIZED_AUTOS = YES_AGGRESSIVE;
				GCC_WARN_UNUSED_FUNCTION = YES;
				GCC_WARN_UNUSED_VARIABLE = YES;
				IPHONEOS_DEPLOYMENT_TARGET = 8.0;
				LD_RUNPATH_SEARCH_PATHS = "$(inherited) @executable_path/Frameworks";
				SDKROOT = iphoneos;
				TARGETED_DEVICE_FAMILY = "1,2";
				SYMROOT = "$(SRCROOT)/../build/moe/xcodebuild/sym";
				COPY_PHASE_STRIP = NO;
				GCC_DYNAMIC_NO_PIC = NO;
				GCC_OPTIMIZATION_LEVEL = 0;
				GCC_PREPROCESSOR_DEFINITIONS = (
					"DEBUG=1",
					"$(inherited)",
				);
				GCC_SYMBOLS_PRIVATE_EXTERN = NO;
				MTL_ENABLE_DEBUG_INFO = YES;
			};
		};
		E3806B748FB5013CC9DF8437 /* Release */ = {
			isa = XCBuildConfiguration;
			name = Release;
			buildSettings = {
				ALWAYS_SEARCH_USER_PATHS = NO;
				CLANG_CXX_LANGUAGE_STANDARD = "gnu++0x";
				CLANG_CXX_LIBRARY = "libc++";
				CLANG_ENABLE_MODULES = YES;
				CLANG_ENABLE_OBJC_ARC = YES;
				CLANG_WARN_BOOL_CONVERSION = YES;
				CLANG_WARN_CONSTANT_CONVERSION = YES;
				CLANG_WARN_DIRECT_OBJC_ISA_USAGE = YES_ERROR;
				CLANG_WARN_EMPTY_BODY = YES;
				CLANG_WARN_ENUM_CONVERSION = YES;
				CLANG_WARN_INT_CONVERSION = YES;
				CLANG_WARN_OBJC_ROOT_CLASS = YES_ERROR;
				CLANG_WARN_UNREACHABLE_CODE = YES;
				CLANG_WARN__DUPLICATE_METHOD_MATCH = YES;
				"CODE_SIGN_IDENTITY[sdk=iphoneos*]" = "iPhone Developer";
				ENABLE_STRICT_OBJC_MSGSEND = YES;
				FRAMEWORK_SEARCH_PATHS = (
					"$(inherited)",
					"${MOE_FRAMEWORK_PATH}",
				);
				GCC_C_LANGUAGE_STANDARD = gnu99;
				GCC_WARN_64_TO_32_BIT_CONVERSION = YES;
				GCC_WARN_ABOUT_RETURN_TYPE = YES_ERROR;
				GCC_WARN_UNDECLARED_SELECTOR = YES;
				GCC_WARN_UNINITIALIZED_AUTOS = YES_AGGRESSIVE;
				GCC_WARN_UNUSED_FUNCTION = YES;
				GCC_WARN_UNUSED_VARIABLE = YES;
				IPHONEOS_DEPLOYMENT_TARGET = 8.0;
				LD_RUNPATH_SEARCH_PATHS = "$(inherited) @executable_path/Frameworks";
				SDKROOT = iphoneos;
				TARGETED_DEVICE_FAMILY = "1,2";
				SYMROOT = "$(SRCROOT)/../build/moe/xcodebuild/sym";
				COPY_PHASE_STRIP = YES;
				ENABLE_NS_ASSERTIONS = NO;
				MTL_ENABLE_DEBUG_INFO = NO;
				VALIDATE_PRODUCT = YES;
			};
		};
/* End XCBuildConfiguration section */

/* Begin XCConfigurationList section */
		9C854976F4877581BBF48546 /* Build configuration list for PBXNativeTarget "MoeMinimal" */ = {
			isa = XCConfigurationList;
			defaultConfigurationIsVisible = 0;
			buildConfigurations = (
				54BF1D85FE73E6503391F28A /* Debug */,
				1C965503F1629E3EF3F8B39D /* Release */,
			);
		};
		ED513B8A97C6168E811189AD /* Build configuration list for PBXNativeTarget "MoeMinimal-Test" */ = {
			isa = XCConfigurationList;
			defaultConfigurationIsVisible = 0;
			buildConfigurations = (
				DF1DCCC5B6195739578FA4E7 /* Debug */,
				7E7252DB5B683239DCC117E2 /* Release */,
			);
		};
		CEB0A02C9BA98F4854BAD80E /* Build configuration list for PBXProject "MoeMinimal" */ = {
			isa = XCConfigurationList;
			defaultConfigurationIsVisible = 0;
			defaultConfigurationName = Release;
			buildConfigurations = (
				D0DF2FB8021A3D20870CE78B /* Debug */,
				E3806B748FB5013CC9DF8437 /* Release */,
			);
		};
/* End XCConfigurationList section */
	};
	archiveVersion = 1;
	objectVersion = 46;
	classes = {
	};
	rootObject = F98FE67DC25FB2F694835332 /* Project object */;
}
